<?xml version="1.0" encoding="utf-8"?>
<Project ToolsVersion="4.0" xmlns="http://schemas.microsoft.com/developer/msbuild/2003">
  <ItemGroup>
    <ClCompile Include="accuracyPlacement.cpp" />
    <ClCompile Include="$(WEBOTS_HOME)\resources\languages\cpp\Accelerometer.cpp">
      <Filter>webotsUtilities</Filter>
    </ClCompile>
    <ClCompile Include="$(WEBOTS_HOME)\resources\languages\cpp\Brake.cpp">
      <Filter>webotsUtilities</Filter>
    </ClCompile>
    <ClCompile Include="$(WEBOTS_HOME)\resources\languages\cpp\Camera.cpp">
      <Filter>webotsUtilities</Filter>
    </ClCompile>
    <ClCompile Include="$(WEBOTS_HOME)\resources\languages\cpp\Compass.cpp">
      <Filter>webotsUtilities</Filter>
    </ClCompile>
    <ClCompile Include="$(WEBOTS_HOME)\resources\languages\cpp\Connector.cpp">
      <Filter>webotsUtilities</Filter>
    </ClCompile>
    <ClCompile Include="$(WEBOTS_HOME)\resources\languages\cpp\Device.cpp">
      <Filter>webotsUtilities</Filter>
    </ClCompile>
    <ClCompile Include="$(WEBOTS_HOME)\resources\languages\cpp\DifferentialWheels.cpp">
      <Filter>webotsUtilities</Filter>
    </ClCompile>
    <ClCompile Include="$(WEBOTS_HOME)\resources\languages\cpp\Display.cpp">
      <Filter>webotsUtilities</Filter>
    </ClCompile>
    <ClCompile Include="$(WEBOTS_HOME)\resources\languages\cpp\DistanceSensor.cpp">
      <Filter>webotsUtilities</Filter>
    </ClCompile>
    <ClCompile Include="$(WEBOTS_HOME)\resources\languages\cpp\Emitter.cpp">
      <Filter>webotsUtilities</Filter>
    </ClCompile>
    <ClCompile Include="$(WEBOTS_HOME)\resources\languages\cpp\Field.cpp">
      <Filter>webotsUtilities</Filter>
    </ClCompile>
    <ClCompile Include="$(WEBOTS_HOME)\resources\languages\cpp\GPS.cpp">
      <Filter>webotsUtilities</Filter>
    </ClCompile>
    <ClCompile Include="$(WEBOTS_HOME)\resources\languages\cpp\Gyro.cpp">
      <Filter>webotsUtilities</Filter>
    </ClCompile>
    <ClCompile Include="$(WEBOTS_HOME)\resources\languages\cpp\InertialUnit.cpp">
      <Filter>webotsUtilities</Filter>
    </ClCompile>
    <ClCompile Include="$(WEBOTS_HOME)\resources\languages\cpp\Joystick.cpp">
      <Filter>webotsUtilities</Filter>
    </ClCompile>
    <ClCompile Include="$(WEBOTS_HOME)\resources\languages\cpp\Keyboard.cpp">
      <Filter>webotsUtilities</Filter>
    </ClCompile>
    <ClCompile Include="$(WEBOTS_HOME)\resources\languages\cpp\LED.cpp">
      <Filter>webotsUtilities</Filter>
    </ClCompile>
    <ClCompile Include="$(WEBOTS_HOME)\resources\languages\cpp\Lidar.cpp">
      <Filter>webotsUtilities</Filter>
    </ClCompile>
    <ClCompile Include="$(WEBOTS_HOME)\resources\languages\cpp\LightSensor.cpp">
      <Filter>webotsUtilities</Filter>
    </ClCompile>
    <ClCompile Include="$(WEBOTS_HOME)\resources\languages\cpp\Motion.cpp">
      <Filter>webotsUtilities</Filter>
    </ClCompile>
    <ClCompile Include="$(WEBOTS_HOME)\resources\languages\cpp\Motor.cpp">
      <Filter>webotsUtilities</Filter>
    </ClCompile>
    <ClCompile Include="$(WEBOTS_HOME)\resources\languages\cpp\Mouse.cpp">
      <Filter>webotsUtilities</Filter>
    </ClCompile>
    <ClCompile Include="$(WEBOTS_HOME)\resources\languages\cpp\Node.cpp">
      <Filter>webotsUtilities</Filter>
    </ClCompile>
    <ClCompile Include="$(WEBOTS_HOME)\resources\languages\cpp\Pen.cpp">
      <Filter>webotsUtilities</Filter>
    </ClCompile>
    <ClCompile Include="$(WEBOTS_HOME)\resources\languages\cpp\PositionSensor.cpp">
      <Filter>webotsUtilities</Filter>
    </ClCompile>
    <ClCompile Include="$(WEBOTS_HOME)\resources\languages\cpp\Radar.cpp">
      <Filter>webotsUtilities</Filter>
    </ClCompile>
    <ClCompile Include="$(WEBOTS_HOME)\resources\languages\cpp\RangeFinder.cpp">
      <Filter>webotsUtilities</Filter>
    </ClCompile>
    <ClCompile Include="$(WEBOTS_HOME)\resources\languages\cpp\Receiver.cpp">
      <Filter>webotsUtilities</Filter>
    </ClCompile>
    <ClCompile Include="$(WEBOTS_HOME)\resources\languages\cpp\Robot.cpp">
      <Filter>webotsUtilities</Filter>
    </ClCompile>
    <ClCompile Include="$(WEBOTS_HOME)\resources\languages\cpp\Skin.cpp">
      <Filter>webotsUtilities</Filter>
    </ClCompile>
    <ClCompile Include="$(WEBOTS_HOME)\resources\languages\cpp\Speaker.cpp">
      <Filter>webotsUtilities</Filter>
    </ClCompile>
    <ClCompile Include="$(WEBOTS_HOME)\resources\languages\cpp\Supervisor.cpp">
      <Filter>webotsUtilities</Filter>
    </ClCompile>
    <ClCompile Include="$(WEBOTS_HOME)\resources\languages\cpp\TouchSensor.cpp">
      <Filter>webotsUtilities</Filter>
    </ClCompile>
    <ClCompile Include="Manipulator.cpp">
      <Filter>customUtilities</Filter>
    </ClCompile>
    <ClCompile Include="Data.cpp">
      <Filter>customUtilities</Filter>
    </ClCompile>
    <ClCompile Include="Read.cpp">
      <Filter>customUtilities</Filter>
    </ClCompile>
    <ClCompile Include="Constraints.cpp">
      <Filter>customUtilities</Filter>
    </ClCompile>
  </ItemGroup>
  <ItemGroup>
    <Filter Include="webotsUtilities">
      <UniqueIdentifier>{93260c36-7a39-41ae-ad68-2c849422d605}</UniqueIdentifier>
    </Filter>
    <Filter Include="customUtilities">
      <UniqueIdentifier>{e066c07f-a500-4e21-91bd-fe326870a404}</UniqueIdentifier>
    </Filter>
  </ItemGroup>
  <ItemGroup>
    <ClInclude Include="Manipulator.h">
      <Filter>customUtilities</Filter>
    </ClInclude>
    <ClInclude Include="Data.h">
      <Filter>customUtilities</Filter>
    </ClInclude>
    <ClInclude Include="Read.h">
      <Filter>customUtilities</Filter>
    </ClInclude>
    <ClInclude Include="Constraints.h">
      <Filter>customUtilities</Filter>
    </ClInclude>
  </ItemGroup>
</Project>